
Microsoft Visual Studio Solution File, Format Version 12.00
# Visual Studio Version 17
VisualStudioVersion = 17.9.34622.214
MinimumVisualStudioVersion = 10.0.40219.1
Project("{FAE04EC0-301F-11D3-BF4B-00C04F79EFBC}") = "FocusApp", "FocusApp\FocusApp.csproj", "{C04424E5-2EC6-4F7C-8EA7-635775500FC5}"
EndProject
Global
	GlobalSection(SolutionConfigurationPlatforms) = preSolution
		Debug|Any CPU = Debug|Any CPU
		Release|Any CPU = Release|Any CPU
	EndGlobalSection
	GlobalSection(ProjectConfigurationPlatforms) = postSolution
		{C04424E5-2EC6-4F7C-8EA7-635775500FC5}.Debug|Any CPU.ActiveCfg = Debug|Any CPU
		{C04424E5-2EC6-4F7C-8EA7-635775500FC5}.Debug|Any CPU.Build.0 = Debug|Any CPU
		{C04424E5-2EC6-4F7C-8EA7-635775500FC5}.Release|Any CPU.ActiveCfg = Release|Any CPU
		{C04424E5-2EC6-4F7C-8EA7-635775500FC5}.Release|Any CPU.Build.0 = Release|Any CPU
	EndGlobalSection
	GlobalSection(SolutionProperties) = preSolution
		HideSolutionNode = FALSE
	EndGlobalSection
	GlobalSection(ExtensibilityGlobals) = postSolution
		SolutionGuid = {492AB09E-4DC9-4C5F-858C-B119ED6FF66B}
	EndGlobalSection
EndGlobal
